{
  "version": 4,
  "terraform_version": "1.5.0",
  "serial": 181,
  "lineage": "653b5213-e4ee-d0b3-a617-294acd227321",
  "outputs": {},
  "resources": [
    {
      "mode": "data",
      "type": "google_dns_managed_zone",
      "name": "test-dns",
      "provider": "provider[\"registry.terraform.io/hashicorp/google\"]",
      "instances": [
        {
          "schema_version": 0,
          "attributes": {
            "description": "DNS para test-eq",
            "dns_name": "test.dns.com.",
            "id": "projects/test-eq-393918/managedZones/dns",
            "managed_zone_id": 6484958619813882636,
            "name": "dns",
            "name_servers": [
              "ns-cloud-d1.googledomains.com.",
              "ns-cloud-d2.googledomains.com.",
              "ns-cloud-d3.googledomains.com.",
              "ns-cloud-d4.googledomains.com."
            ],
            "project": "test-eq-393918",
            "visibility": "public"
          },
          "sensitive_attributes": []
        }
      ]
    },
    {
      "mode": "data",
      "type": "google_project",
      "name": "project-name",
      "provider": "provider[\"registry.terraform.io/hashicorp/google\"]",
      "instances": [
        {
          "schema_version": 0,
          "attributes": {
            "auto_create_network": null,
            "billing_account": null,
            "folder_id": null,
            "id": "projects/test-eq-393918",
            "labels": {},
            "name": "test-eq",
            "number": "204318118528",
            "org_id": null,
            "project_id": "test-eq-393918",
            "skip_delete": null
          },
          "sensitive_attributes": []
        }
      ]
    },
    {
      "mode": "managed",
      "type": "google_artifact_registry_repository",
      "name": "my-test",
      "provider": "provider[\"registry.terraform.io/hashicorp/google\"]",
      "instances": [
        {
          "schema_version": 0,
          "attributes": {
            "create_time": "2023-07-26T02:57:19.183820Z",
            "description": "repositorio test  docker",
            "docker_config": [],
            "format": "DOCKER",
            "id": "projects/test-eq-393918/locations/us-central1/repositories/my-test",
            "kms_key_name": "",
            "labels": {},
            "location": "us-central1",
            "maven_config": [],
            "mode": "STANDARD_REPOSITORY",
            "name": "my-test",
            "project": "test-eq-393918",
            "remote_repository_config": [],
            "repository_id": "my-test",
            "timeouts": null,
            "update_time": "2023-07-26T02:57:19.183820Z",
            "virtual_repository_config": []
          },
          "sensitive_attributes": [],
          "private": "eyJlMmJmYjczMC1lY2FhLTExZTYtOGY4OC0zNDM2M2JjN2M0YzAiOnsiY3JlYXRlIjoxMjAwMDAwMDAwMDAwLCJkZWxldGUiOjEyMDAwMDAwMDAwMDAsInVwZGF0ZSI6MTIwMDAwMDAwMDAwMH19"
        }
      ]
    },
    {
      "mode": "managed",
      "type": "google_compute_address",
      "name": "internal-ip",
      "provider": "provider[\"registry.terraform.io/hashicorp/google\"]",
      "instances": [
        {
          "schema_version": 0,
          "attributes": {
            "address": "10.1.0.30",
            "address_type": "INTERNAL",
            "creation_timestamp": "2023-07-25T21:23:33.001-07:00",
            "description": "Ip internal to service ingress",
            "id": "projects/test-eq-393918/regions/us-central1/addresses/eq",
            "name": "eq",
            "network": "",
            "network_tier": "PREMIUM",
            "prefix_length": 0,
            "project": "test-eq-393918",
            "purpose": "GCE_ENDPOINT",
            "region": "us-central1",
            "self_link": "https://www.googleapis.com/compute/v1/projects/test-eq-393918/regions/us-central1/addresses/eq",
            "subnetwork": "https://www.googleapis.com/compute/v1/projects/test-eq-393918/regions/us-central1/subnetworks/subnet-test",
            "timeouts": null,
            "users": []
          },
          "sensitive_attributes": [],
          "private": "eyJlMmJmYjczMC1lY2FhLTExZTYtOGY4OC0zNDM2M2JjN2M0YzAiOnsiY3JlYXRlIjoxMjAwMDAwMDAwMDAwLCJkZWxldGUiOjEyMDAwMDAwMDAwMDB9fQ==",
          "dependencies": [
            "data.google_project.project-name",
            "google_compute_network.vpc-test",
            "google_compute_subnetwork.subnet-test"
          ]
        }
      ]
    },
    {
      "mode": "managed",
      "type": "google_compute_firewall",
      "name": "allow-access",
      "provider": "provider[\"registry.terraform.io/hashicorp/google\"]",
      "instances": [
        {
          "schema_version": 1,
          "attributes": {
            "allow": [
              {
                "ports": [],
                "protocol": "tcp"
              }
            ],
            "creation_timestamp": "2023-07-25T19:30:15.482-07:00",
            "deny": [],
            "description": "",
            "destination_ranges": [],
            "direction": "INGRESS",
            "disabled": false,
            "enable_logging": null,
            "id": "projects/test-eq-393918/global/firewalls/allow-access",
            "log_config": [],
            "name": "allow-access",
            "network": "https://www.googleapis.com/compute/v1/projects/test-eq-393918/global/networks/vpc-test",
            "priority": 500,
            "project": "test-eq-393918",
            "self_link": "https://www.googleapis.com/compute/v1/projects/test-eq-393918/global/firewalls/allow-access",
            "source_ranges": [
              "35.235.240.0/20"
            ],
            "source_service_accounts": [],
            "source_tags": [],
            "target_service_accounts": [],
            "target_tags": [],
            "timeouts": null
          },
          "sensitive_attributes": [],
          "private": "eyJlMmJmYjczMC1lY2FhLTExZTYtOGY4OC0zNDM2M2JjN2M0YzAiOnsiY3JlYXRlIjoxMjAwMDAwMDAwMDAwLCJkZWxldGUiOjEyMDAwMDAwMDAwMDAsInVwZGF0ZSI6MTIwMDAwMDAwMDAwMH0sInNjaGVtYV92ZXJzaW9uIjoiMSJ9",
          "dependencies": [
            "data.google_project.project-name",
            "google_compute_network.vpc-test"
          ]
        }
      ]
    },
    {
      "mode": "managed",
      "type": "google_compute_firewall",
      "name": "allow-ssh-http",
      "provider": "provider[\"registry.terraform.io/hashicorp/google\"]",
      "instances": [
        {
          "schema_version": 1,
          "attributes": {
            "allow": [
              {
                "ports": [
                  "80",
                  "22",
                  "8080",
                  "1000-2000"
                ],
                "protocol": "tcp"
              }
            ],
            "creation_timestamp": "2023-07-25T19:50:57.442-07:00",
            "deny": [],
            "description": "",
            "destination_ranges": [],
            "direction": "INGRESS",
            "disabled": false,
            "enable_logging": null,
            "id": "projects/test-eq-393918/global/firewalls/allow-ssh-http",
            "log_config": [],
            "name": "allow-ssh-http",
            "network": "https://www.googleapis.com/compute/v1/projects/test-eq-393918/global/networks/vpc-test",
            "priority": 1000,
            "project": "test-eq-393918",
            "self_link": "https://www.googleapis.com/compute/v1/projects/test-eq-393918/global/firewalls/allow-ssh-http",
            "source_ranges": [],
            "source_service_accounts": [],
            "source_tags": [
              "test-eq"
            ],
            "target_service_accounts": [],
            "target_tags": [],
            "timeouts": null
          },
          "sensitive_attributes": [],
          "private": "eyJlMmJmYjczMC1lY2FhLTExZTYtOGY4OC0zNDM2M2JjN2M0YzAiOnsiY3JlYXRlIjoxMjAwMDAwMDAwMDAwLCJkZWxldGUiOjEyMDAwMDAwMDAwMDAsInVwZGF0ZSI6MTIwMDAwMDAwMDAwMH0sInNjaGVtYV92ZXJzaW9uIjoiMSJ9",
          "dependencies": [
            "data.google_project.project-name",
            "google_compute_network.vpc-test"
          ]
        }
      ]
    },
    {
      "mode": "managed",
      "type": "google_compute_instance",
      "name": "test-bastion",
      "provider": "provider[\"registry.terraform.io/hashicorp/google\"]",
      "instances": [
        {
          "schema_version": 6,
          "attributes": {
            "advanced_machine_features": [],
            "allow_stopping_for_update": true,
            "attached_disk": [],
            "boot_disk": [
              {
                "auto_delete": false,
                "device_name": "persistent-disk-0",
                "disk_encryption_key_raw": "",
                "disk_encryption_key_sha256": "",
                "initialize_params": [
                  {
                    "image": "https://www.googleapis.com/compute/v1/projects/ubuntu-os-cloud/global/images/ubuntu-2004-focal-v20230724",
                    "labels": {},
                    "resource_manager_tags": null,
                    "size": 10,
                    "type": "pd-standard"
                  }
                ],
                "kms_key_self_link": "",
                "mode": "READ_WRITE",
                "source": "https://www.googleapis.com/compute/v1/projects/test-eq-393918/zones/us-central1-a/disks/test-bastion"
              }
            ],
            "can_ip_forward": false,
            "confidential_instance_config": [],
            "cpu_platform": "Intel Cascade Lake",
            "current_status": "RUNNING",
            "deletion_protection": false,
            "description": "",
            "desired_status": null,
            "enable_display": false,
            "guest_accelerator": [],
            "hostname": "",
            "id": "projects/test-eq-393918/zones/us-central1-a/instances/test-bastion",
            "instance_id": "4676054765139726229",
            "label_fingerprint": "p1ty_9HoBk0=",
            "labels": {
              "env": "test"
            },
            "machine_type": "n2-standard-2",
            "metadata": null,
            "metadata_fingerprint": "J_8zx0-QO-A=",
            "metadata_startup_script": "#!/bin/bash\nsudo apt update -y \nwait 5\nsudo apt upgrade -y \nwait 6\nsudo apt install ansible # -y \u0026\u0026 sudo apt-get install ca-certificates curl gnupg apt-transport-https software-properties-common   \u0026\u0026    curl -fsSL https://download.docker.com/linux/ubuntu/gpg | sudo gpg --dearmor -o /usr/share/keyrings/docker-archive-keyring.gpg   \u0026\u0026   echo \"deb [arch=$(dpkg --print-architecture) signed-by=/usr/share/keyrings/docker-archive-keyring.gpg] https://download.docker.com/linux/ubuntu $(lsb_release -cs) stable\" | sudo tee /etc/apt/sources.list.d/docker.list \u003e /dev/null   \u0026\u0026   sudo apt update   \u0026\u0026   apt-cache policy docker-ce  \u0026\u0026  sudo apt install  \u0026\u0026 docker-ce \u0026\u0026   sudo systemctl status docker   \u0026\u0026  sudo usermod -aG docker root \u0026\u0026  su - root \u0026\u0026 sudo usermod -aG docker root",
            "min_cpu_platform": "",
            "name": "test-bastion",
            "network_interface": [
              {
                "access_config": [
                  {
                    "nat_ip": "34.132.112.57",
                    "network_tier": "PREMIUM",
                    "public_ptr_domain_name": ""
                  }
                ],
                "alias_ip_range": [],
                "ipv6_access_config": [],
                "ipv6_access_type": "",
                "name": "nic0",
                "network": "https://www.googleapis.com/compute/v1/projects/test-eq-393918/global/networks/vpc-test",
                "network_ip": "10.1.0.42",
                "nic_type": "",
                "queue_count": 0,
                "stack_type": "IPV4_ONLY",
                "subnetwork": "https://www.googleapis.com/compute/v1/projects/test-eq-393918/regions/us-central1/subnetworks/subnet-test",
                "subnetwork_project": "test-eq-393918"
              }
            ],
            "network_performance_config": [],
            "params": [],
            "project": "test-eq-393918",
            "reservation_affinity": [],
            "resource_policies": null,
            "scheduling": [
              {
                "automatic_restart": false,
                "instance_termination_action": "",
                "min_node_cpus": 0,
                "node_affinities": [],
                "on_host_maintenance": "MIGRATE",
                "preemptible": false,
                "provisioning_model": "STANDARD"
              }
            ],
            "scratch_disk": [],
            "self_link": "https://www.googleapis.com/compute/v1/projects/test-eq-393918/zones/us-central1-a/instances/test-bastion",
            "service_account": [
              {
                "email": "sa-access-resosurce@test-eq-393918.iam.gserviceaccount.com",
                "scopes": [
                  "https://www.googleapis.com/auth/cloud-platform"
                ]
              }
            ],
            "shielded_instance_config": [
              {
                "enable_integrity_monitoring": true,
                "enable_secure_boot": false,
                "enable_vtpm": true
              }
            ],
            "tags": null,
            "tags_fingerprint": "42WmSpB8rSM=",
            "timeouts": null,
            "zone": "us-central1-a"
          },
          "sensitive_attributes": [],
          "private": "eyJlMmJmYjczMC1lY2FhLTExZTYtOGY4OC0zNDM2M2JjN2M0YzAiOnsiY3JlYXRlIjoxMjAwMDAwMDAwMDAwLCJkZWxldGUiOjEyMDAwMDAwMDAwMDAsInVwZGF0ZSI6MTIwMDAwMDAwMDAwMH0sInNjaGVtYV92ZXJzaW9uIjoiNiJ9",
          "dependencies": [
            "google_compute_network.vpc-test"
          ]
        }
      ]
    },
    {
      "mode": "managed",
      "type": "google_compute_network",
      "name": "vpc-test",
      "provider": "provider[\"registry.terraform.io/hashicorp/google\"]",
      "instances": [
        {
          "schema_version": 0,
          "attributes": {
            "auto_create_subnetworks": false,
            "delete_default_routes_on_create": false,
            "description": "",
            "enable_ula_internal_ipv6": false,
            "gateway_ipv4": "",
            "id": "projects/test-eq-393918/global/networks/vpc-test",
            "internal_ipv6_range": "",
            "mtu": 0,
            "name": "vpc-test",
            "network_firewall_policy_enforcement_order": "AFTER_CLASSIC_FIREWALL",
            "project": "test-eq-393918",
            "routing_mode": "REGIONAL",
            "self_link": "https://www.googleapis.com/compute/v1/projects/test-eq-393918/global/networks/vpc-test",
            "timeouts": null
          },
          "sensitive_attributes": [],
          "private": "eyJlMmJmYjczMC1lY2FhLTExZTYtOGY4OC0zNDM2M2JjN2M0YzAiOnsiY3JlYXRlIjoxMjAwMDAwMDAwMDAwLCJkZWxldGUiOjEyMDAwMDAwMDAwMDAsInVwZGF0ZSI6MTIwMDAwMDAwMDAwMH19",
          "dependencies": [
            "data.google_project.project-name"
          ]
        }
      ]
    },
    {
      "mode": "managed",
      "type": "google_compute_subnetwork",
      "name": "subnet-test",
      "provider": "provider[\"registry.terraform.io/hashicorp/google\"]",
      "instances": [
        {
          "schema_version": 0,
          "attributes": {
            "creation_timestamp": "2023-07-25T16:59:29.143-07:00",
            "description": "",
            "external_ipv6_prefix": "",
            "fingerprint": null,
            "gateway_address": "10.1.0.1",
            "id": "projects/test-eq-393918/regions/us-central1/subnetworks/subnet-test",
            "ip_cidr_range": "10.1.0.0/22",
            "ipv6_access_type": "",
            "ipv6_cidr_range": "",
            "log_config": [],
            "name": "subnet-test",
            "network": "https://www.googleapis.com/compute/v1/projects/test-eq-393918/global/networks/vpc-test",
            "private_ip_google_access": true,
            "private_ipv6_google_access": "DISABLE_GOOGLE_ACCESS",
            "project": "test-eq-393918",
            "purpose": "PRIVATE",
            "region": "us-central1",
            "role": "",
            "secondary_ip_range": [
              {
                "ip_cidr_range": "10.32.0.0/14",
                "range_name": "gke-test-eq-pods-0c19aab5"
              },
              {
                "ip_cidr_range": "10.0.0.0/20",
                "range_name": "gke-test-eq-services-0c19aab5"
              }
            ],
            "self_link": "https://www.googleapis.com/compute/v1/projects/test-eq-393918/regions/us-central1/subnetworks/subnet-test",
            "stack_type": "IPV4_ONLY",
            "timeouts": null
          },
          "sensitive_attributes": [],
          "private": "eyJlMmJmYjczMC1lY2FhLTExZTYtOGY4OC0zNDM2M2JjN2M0YzAiOnsiY3JlYXRlIjoxMjAwMDAwMDAwMDAwLCJkZWxldGUiOjEyMDAwMDAwMDAwMDAsInVwZGF0ZSI6MTIwMDAwMDAwMDAwMH19",
          "dependencies": [
            "data.google_project.project-name",
            "google_compute_network.vpc-test"
          ]
        }
      ]
    },
    {
      "mode": "managed",
      "type": "google_container_cluster",
      "name": "primary",
      "provider": "provider[\"registry.terraform.io/hashicorp/google-beta\"]",
      "instances": [
        {
          "schema_version": 1,
          "attributes": {
            "addons_config": [
              {
                "cloudrun_config": [],
                "config_connector_config": [],
                "dns_cache_config": [],
                "gce_persistent_disk_csi_driver_config": [
                  {
                    "enabled": true
                  }
                ],
                "gcp_filestore_csi_driver_config": [],
                "gcs_fuse_csi_driver_config": [],
                "gke_backup_agent_config": [],
                "horizontal_pod_autoscaling": [],
                "http_load_balancing": [],
                "istio_config": [],
                "kalm_config": [],
                "network_policy_config": [
                  {
                    "disabled": true
                  }
                ]
              }
            ],
            "authenticator_groups_config": [],
            "binary_authorization": [
              {
                "enabled": false,
                "evaluation_mode": ""
              }
            ],
            "cluster_autoscaling": [
              {
                "auto_provisioning_defaults": [],
                "autoscaling_profile": "BALANCED",
                "enabled": false,
                "resource_limits": []
              }
            ],
            "cluster_ipv4_cidr": "10.32.0.0/14",
            "cluster_telemetry": [
              {
                "type": "ENABLED"
              }
            ],
            "confidential_nodes": [],
            "cost_management_config": [],
            "database_encryption": [
              {
                "key_name": "",
                "state": "DECRYPTED"
              }
            ],
            "datapath_provider": "",
            "default_max_pods_per_node": 110,
            "default_snat_status": [
              {
                "disabled": false
              }
            ],
            "description": "Cluster test Eq",
            "dns_config": [],
            "enable_autopilot": false,
            "enable_binary_authorization": false,
            "enable_intranode_visibility": false,
            "enable_kubernetes_alpha": false,
            "enable_l4_ilb_subsetting": true,
            "enable_legacy_abac": false,
            "enable_shielded_nodes": true,
            "enable_tpu": false,
            "endpoint": "34.29.177.11",
            "gateway_api_config": [],
            "id": "projects/test-eq-393918/locations/us-central1-a/clusters/test-eq",
            "identity_service_config": [],
            "initial_node_count": 3,
            "ip_allocation_policy": [
              {
                "cluster_ipv4_cidr_block": "10.32.0.0/14",
                "cluster_secondary_range_name": "gke-test-eq-pods-0c19aab5",
                "pod_cidr_overprovision_config": [
                  {
                    "disabled": false
                  }
                ],
                "services_ipv4_cidr_block": "10.0.0.0/20",
                "services_secondary_range_name": "gke-test-eq-services-0c19aab5",
                "stack_type": "IPV4"
              }
            ],
            "label_fingerprint": "3e772fa0",
            "location": "us-central1-a",
            "logging_config": [
              {
                "enable_components": [
                  "SYSTEM_COMPONENTS",
                  "WORKLOADS"
                ]
              }
            ],
            "logging_service": "logging.googleapis.com/kubernetes",
            "maintenance_policy": [],
            "master_auth": [
              {
                "client_certificate": "",
                "client_certificate_config": [
                  {
                    "issue_client_certificate": false
                  }
                ],
                "client_key": "",
                "cluster_ca_certificate": "LS0tLS1CRUdJTiBDRVJUSUZJQ0FURS0tLS0tCk1JSUVMVENDQXBXZ0F3SUJBZ0lSQUxqU2tScHRJQkkxcW5LbmdkYjZpSTh3RFFZSktvWklodmNOQVFFTEJRQXcKTHpFdE1Dc0dBMVVFQXhNa09ERTVaVEU1T0dFdE1EQXpZUzAwWlRjMExUaGlZVGd0TkRnNVl6TmhZbVUyWkRVeQpNQ0FYRFRJek1EY3lOakF4TXpBeE4xb1lEekl3TlRNd056RTRNREl6TURFM1dqQXZNUzB3S3dZRFZRUURFeVE0Ck1UbGxNVGs0WVMwd01ETmhMVFJsTnpRdE9HSmhPQzAwT0Rsak0yRmlaVFprTlRJd2dnR2lNQTBHQ1NxR1NJYjMKRFFFQkFRVUFBNElCandBd2dnR0tBb0lCZ1FEZUNTUEtVaWpVNlczZk9OdDByVEdOK1E4SnVrNjlkZXdiLy94Wgovd1ZnZFlhTmo2MmJEY0VNTVB0Q0RGNVdGRWtvMWR4V2V1TnVLdkZLZ1hUOGRYVm5zSDNjSkJFT0R4OG0yYTJECi9wVTRmMkhPQ0FhcVo5QTNlWm8wK2RZdTgvUmpmamxBSmRmK0l3b3A5My96Q0FJNlpMb2VLYVpDb1ppWXQwdDkKdFlmZG9nQ05VdE45SWltNDJ2eDRCKy9XL1kvUlFCaUMvTFZkTkZqWjlPaW1Uc1dMbSt2dWlPeE9GVXkyZzlnZwpQQVp0aUZuVEhXcnlZMmEza0xCVHBKTlVlVU45SEE5Yi81NjJ2bExNWEJ2MmgrbHZxQ01wTXd2MlJSd09lZXRmCjA3NVQ1UUpkQnVzQThveGwrT2h2Y2dObVRrcVpIT3hBcXVYbnAxV2pzb3lINXFjeXYwaEVRRFREbDRxT2d2aVMKeURQa09XNGdvZzl6Mmpjd2cvcVNxWElGa0JpWTFYQWJVbzJWaGh2M1NoRnlnaDRIVlpQYkVZWmlFOHRHcGxndQp0YTJzdE1CVjNvdWdkNHMwZXorOFFuaUJIOUtEUjJDUDNOYzljZG9Wd0xKNUhPek0rTGFFWUxVV3JTSjZrc1YwCnlGSkhhR3JFWWxUSmVsMnFudTltdHpFK05hTUNBd0VBQWFOQ01FQXdEZ1lEVlIwUEFRSC9CQVFEQWdJRU1BOEcKQTFVZEV3RUIvd1FGTUFNQkFmOHdIUVlEVlIwT0JCWUVGTmxjdTRRM3BuTkZZSzk2N2xFaTVTcVMrQTVnTUEwRwpDU3FHU0liM0RRRUJDd1VBQTRJQmdRQWl1SlJ5RkVxZ2svTWJ5bnVDYlEzd3F0dHRFbWQ1eTNJejRYNTFJdGlCCmxJRzA0OHpYUzdHRGlMTHJ5TnBsZS92dHRjRFliOWV1ckplbDdFUFJGMC9Xd21iUUsyNjFmSUxWTGdraWc1bGEKNGh1VTU0bythazRLUTlCWFA4WEx0WUVRaUJzQTR1UlpvSTMwekNrNHhyNzNCVlFkMldOa1NBWXkrOWthemJwMQptdm9YQWh5eXJlU0x5TU05M05mTDZNc0QyREE3aEUwaktsY3FWOFdROHhzU2pwaDh6bVZVRzlkeSs0WlJ6UW4xCnBLMzVQS1RhR2lpWnBRRHNkU3g3RlNxd2drbUpLb3VTWFBIYlA4N0JUVXloeWltRWw5emxUb1o1WGtjOWhmMnEKL016QlpBSG4zd29IZkc3SGNUNndIbDVUWHNHdUQ1UXJITDZUU2ZBV21sQkUwU1NmV3BGNC9LT0R5Y0svTHpVSQpadzdVL1ZvWWNsWGdjNkNJUGlGQ3I0NXBENzJrbHZBc3hzVC9RbjZvVENFcjk5VUl5eEx1ZVVFL25wM1gxeDdICmxabTRDN2liWlBwTU5KNkZIVlJPTU9nUDUwbHZLUGZqVnB5TSsvVnZ5TTRtdDJiL29OZHJpdERSaDk5ajhWeXEKUzJSNGxQV0pxU2t3bE85L1FMeU9Fakk9Ci0tLS0tRU5EIENFUlRJRklDQVRFLS0tLS0K"
              }
            ],
            "master_authorized_networks_config": [],
            "master_version": "1.26.5-gke.1200",
            "mesh_certificates": [],
            "min_master_version": null,
            "monitoring_config": [
              {
                "enable_components": [
                  "SYSTEM_COMPONENTS"
                ],
                "managed_prometheus": []
              }
            ],
            "monitoring_service": "monitoring.googleapis.com/kubernetes",
            "name": "test-eq",
            "network": "projects/test-eq-393918/global/networks/vpc-test",
            "network_policy": [
              {
                "enabled": false,
                "provider": "PROVIDER_UNSPECIFIED"
              }
            ],
            "networking_mode": "VPC_NATIVE",
            "node_config": [
              {
                "advanced_machine_features": [],
                "boot_disk_kms_key": "",
                "disk_size_gb": 20,
                "disk_type": "pd-standard",
                "ephemeral_storage_config": [],
                "ephemeral_storage_local_ssd_config": [],
                "gcfs_config": [],
                "guest_accelerator": [],
                "gvnic": [],
                "image_type": "COS_CONTAINERD",
                "kubelet_config": [],
                "labels": {},
                "linux_node_config": [],
                "local_nvme_ssd_block_config": [],
                "local_ssd_count": 0,
                "logging_variant": "DEFAULT",
                "machine_type": "e2-standard-2",
                "metadata": {
                  "disable-legacy-endpoints": "true"
                },
                "min_cpu_platform": "",
                "node_group": "",
                "oauth_scopes": [
                  "https://www.googleapis.com/auth/cloud-platform"
                ],
                "preemptible": true,
                "reservation_affinity": [],
                "resource_labels": {},
                "sandbox_config": [],
                "service_account": "sa-access-resosurce@test-eq-393918.iam.gserviceaccount.com",
                "shielded_instance_config": [
                  {
                    "enable_integrity_monitoring": true,
                    "enable_secure_boot": false
                  }
                ],
                "sole_tenant_config": [],
                "spot": false,
                "tags": [],
                "taint": [],
                "workload_metadata_config": []
              }
            ],
            "node_locations": [],
            "node_pool": [
              {
                "autoscaling": [
                  {
                    "location_policy": "ANY",
                    "max_node_count": 2,
                    "min_node_count": 1,
                    "total_max_node_count": 0,
                    "total_min_node_count": 0
                  }
                ],
                "initial_node_count": 3,
                "instance_group_urls": [
                  "https://www.googleapis.com/compute/v1/projects/test-eq-393918/zones/us-central1-a/instanceGroupManagers/gke-test-eq-test-pool-9d784c6c-grp"
                ],
                "managed_instance_group_urls": [
                  "https://www.googleapis.com/compute/beta/projects/test-eq-393918/zones/us-central1-a/instanceGroups/gke-test-eq-test-pool-9d784c6c-grp"
                ],
                "management": [
                  {
                    "auto_repair": true,
                    "auto_upgrade": true
                  }
                ],
                "max_pods_per_node": 110,
                "name": "test-pool",
                "name_prefix": "",
                "network_config": [
                  {
                    "create_pod_range": false,
                    "enable_private_nodes": false,
                    "pod_cidr_overprovision_config": [],
                    "pod_ipv4_cidr_block": "10.32.0.0/14",
                    "pod_range": "gke-test-eq-pods-0c19aab5"
                  }
                ],
                "node_config": [
                  {
                    "advanced_machine_features": [],
                    "boot_disk_kms_key": "",
                    "disk_size_gb": 20,
                    "disk_type": "pd-standard",
                    "ephemeral_storage_config": [],
                    "ephemeral_storage_local_ssd_config": [],
                    "gcfs_config": [],
                    "guest_accelerator": [],
                    "gvnic": [],
                    "image_type": "COS_CONTAINERD",
                    "kubelet_config": [],
                    "labels": {},
                    "linux_node_config": [],
                    "local_nvme_ssd_block_config": [],
                    "local_ssd_count": 0,
                    "logging_variant": "DEFAULT",
                    "machine_type": "e2-standard-2",
                    "metadata": {
                      "disable-legacy-endpoints": "true"
                    },
                    "min_cpu_platform": "",
                    "node_group": "",
                    "oauth_scopes": [
                      "https://www.googleapis.com/auth/cloud-platform"
                    ],
                    "preemptible": true,
                    "reservation_affinity": [],
                    "resource_labels": {},
                    "sandbox_config": [],
                    "service_account": "sa-access-resosurce@test-eq-393918.iam.gserviceaccount.com",
                    "shielded_instance_config": [
                      {
                        "enable_integrity_monitoring": true,
                        "enable_secure_boot": false
                      }
                    ],
                    "sole_tenant_config": [],
                    "spot": false,
                    "tags": [],
                    "taint": [],
                    "workload_metadata_config": []
                  }
                ],
                "node_count": 2,
                "node_locations": [
                  "us-central1-a"
                ],
                "placement_policy": [],
                "upgrade_settings": [
                  {
                    "blue_green_settings": [],
                    "max_surge": 1,
                    "max_unavailable": 0,
                    "strategy": "SURGE"
                  }
                ],
                "version": "1.26.5-gke.1200"
              }
            ],
            "node_pool_auto_config": [
              {
                "network_tags": []
              }
            ],
            "node_pool_defaults": [
              {
                "node_config_defaults": [
                  {
                    "gcfs_config": [],
                    "logging_variant": "DEFAULT"
                  }
                ]
              }
            ],
            "node_version": "1.26.5-gke.1200",
            "notification_config": [
              {
                "pubsub": [
                  {
                    "enabled": false,
                    "filter": [],
                    "topic": ""
                  }
                ]
              }
            ],
            "operation": null,
            "pod_security_policy_config": [
              {
                "enabled": false
              }
            ],
            "private_cluster_config": [
              {
                "enable_private_endpoint": false,
                "enable_private_nodes": true,
                "master_global_access_config": [
                  {
                    "enabled": false
                  }
                ],
                "master_ipv4_cidr_block": "172.31.128.32/28",
                "peering_name": "gke-n0c7a1b1031b2aafc84d-3e2a-e791-peer",
                "private_endpoint": "172.31.128.34",
                "private_endpoint_subnetwork": "",
                "public_endpoint": "34.29.177.11"
              }
            ],
            "private_ipv6_google_access": "",
            "project": "test-eq-393918",
            "protect_config": [
              {
                "workload_config": [
                  {
                    "audit_mode": "MODE_UNSPECIFIED"
                  }
                ],
                "workload_vulnerability_mode": "WORKLOAD_VULNERABILITY_MODE_UNSPECIFIED"
              }
            ],
            "release_channel": [
              {
                "channel": "REGULAR"
              }
            ],
            "remove_default_node_pool": true,
            "resource_labels": {
              "environment": "test",
              "project": "test-eq-393918"
            },
            "resource_usage_export_config": [],
            "security_posture_config": [
              {
                "mode": "MODE_UNSPECIFIED",
                "vulnerability_mode": "VULNERABILITY_MODE_UNSPECIFIED"
              }
            ],
            "self_link": "https://container.googleapis.com/v1beta1/projects/test-eq-393918/zones/us-central1-a/clusters/test-eq",
            "service_external_ips_config": [
              {
                "enabled": false
              }
            ],
            "services_ipv4_cidr": "10.0.0.0/20",
            "subnetwork": "projects/test-eq-393918/regions/us-central1/subnetworks/subnet-test",
            "timeouts": null,
            "tpu_config": [],
            "tpu_ipv4_cidr_block": "",
            "vertical_pod_autoscaling": [
              {
                "enabled": true
              }
            ],
            "workload_identity_config": []
          },
          "sensitive_attributes": [],
          "private": "eyJlMmJmYjczMC1lY2FhLTExZTYtOGY4OC0zNDM2M2JjN2M0YzAiOnsiY3JlYXRlIjoyNDAwMDAwMDAwMDAwLCJkZWxldGUiOjI0MDAwMDAwMDAwMDAsInJlYWQiOjI0MDAwMDAwMDAwMDAsInVwZGF0ZSI6MzYwMDAwMDAwMDAwMH0sInNjaGVtYV92ZXJzaW9uIjoiMSJ9",
          "dependencies": [
            "data.google_project.project-name",
            "google_compute_network.vpc-test",
            "google_compute_subnetwork.subnet-test"
          ]
        }
      ]
    },
    {
      "mode": "managed",
      "type": "google_container_node_pool",
      "name": "primary_preemptible_nodes",
      "provider": "provider[\"registry.terraform.io/hashicorp/google\"]",
      "instances": [
        {
          "schema_version": 1,
          "attributes": {
            "autoscaling": [
              {
                "location_policy": "ANY",
                "max_node_count": 2,
                "min_node_count": 1,
                "total_max_node_count": 0,
                "total_min_node_count": 0
              }
            ],
            "cluster": "projects/test-eq-393918/locations/us-central1-a/clusters/test-eq",
            "id": "projects/test-eq-393918/locations/us-central1-a/clusters/test-eq/nodePools/test-pool",
            "initial_node_count": 3,
            "instance_group_urls": [
              "https://www.googleapis.com/compute/v1/projects/test-eq-393918/zones/us-central1-a/instanceGroupManagers/gke-test-eq-test-pool-9d784c6c-grp"
            ],
            "location": "us-central1-a",
            "managed_instance_group_urls": [
              "https://www.googleapis.com/compute/v1/projects/test-eq-393918/zones/us-central1-a/instanceGroups/gke-test-eq-test-pool-9d784c6c-grp"
            ],
            "management": [
              {
                "auto_repair": true,
                "auto_upgrade": true
              }
            ],
            "max_pods_per_node": 110,
            "name": "test-pool",
            "name_prefix": "",
            "network_config": [
              {
                "create_pod_range": false,
                "enable_private_nodes": false,
                "pod_cidr_overprovision_config": [],
                "pod_ipv4_cidr_block": "10.32.0.0/14",
                "pod_range": "gke-test-eq-pods-0c19aab5"
              }
            ],
            "node_config": [
              {
                "advanced_machine_features": [],
                "boot_disk_kms_key": "",
                "disk_size_gb": 20,
                "disk_type": "pd-standard",
                "ephemeral_storage_local_ssd_config": [],
                "gcfs_config": [],
                "guest_accelerator": [],
                "gvnic": [],
                "image_type": "COS_CONTAINERD",
                "kubelet_config": [],
                "labels": {},
                "linux_node_config": [],
                "local_nvme_ssd_block_config": [],
                "local_ssd_count": 0,
                "logging_variant": "DEFAULT",
                "machine_type": "e2-standard-2",
                "metadata": {
                  "disable-legacy-endpoints": "true"
                },
                "min_cpu_platform": "",
                "node_group": "",
                "oauth_scopes": [
                  "https://www.googleapis.com/auth/cloud-platform"
                ],
                "preemptible": true,
                "reservation_affinity": [],
                "resource_labels": {},
                "service_account": "sa-access-resosurce@test-eq-393918.iam.gserviceaccount.com",
                "shielded_instance_config": [
                  {
                    "enable_integrity_monitoring": true,
                    "enable_secure_boot": false
                  }
                ],
                "sole_tenant_config": [],
                "spot": false,
                "tags": [],
                "taint": [],
                "workload_metadata_config": []
              }
            ],
            "node_count": 3,
            "node_locations": [
              "us-central1-a"
            ],
            "operation": null,
            "placement_policy": [],
            "project": "test-eq-393918",
            "timeouts": null,
            "upgrade_settings": [
              {
                "blue_green_settings": [],
                "max_surge": 1,
                "max_unavailable": 0,
                "strategy": "SURGE"
              }
            ],
            "version": "1.26.5-gke.1200"
          },
          "sensitive_attributes": [],
          "private": "eyJlMmJmYjczMC1lY2FhLTExZTYtOGY4OC0zNDM2M2JjN2M0YzAiOnsiY3JlYXRlIjoxODAwMDAwMDAwMDAwLCJkZWxldGUiOjE4MDAwMDAwMDAwMDAsInVwZGF0ZSI6MTgwMDAwMDAwMDAwMH0sInNjaGVtYV92ZXJzaW9uIjoiMSJ9",
          "dependencies": [
            "google_container_cluster.primary"
          ]
        }
      ]
    },
    {
      "mode": "managed",
      "type": "google_dns_managed_zone",
      "name": "test-dns",
      "provider": "provider[\"registry.terraform.io/hashicorp/google\"]",
      "instances": [
        {
          "schema_version": 0,
          "attributes": {
            "cloud_logging_config": [
              {
                "enable_logging": false
              }
            ],
            "creation_time": "2023-07-26T03:32:22.131Z",
            "description": "DNS para test-eq",
            "dns_name": "test.dns.com.",
            "dnssec_config": [],
            "force_destroy": false,
            "forwarding_config": [],
            "id": "projects/test-eq-393918/managedZones/dns",
            "labels": {
              "env": "test"
            },
            "managed_zone_id": 6484958619813882636,
            "name": "dns",
            "name_servers": [
              "ns-cloud-d1.googledomains.com.",
              "ns-cloud-d2.googledomains.com.",
              "ns-cloud-d3.googledomains.com.",
              "ns-cloud-d4.googledomains.com."
            ],
            "peering_config": [],
            "private_visibility_config": [],
            "project": "test-eq-393918",
            "timeouts": null,
            "visibility": "public"
          },
          "sensitive_attributes": [],
          "private": "eyJlMmJmYjczMC1lY2FhLTExZTYtOGY4OC0zNDM2M2JjN2M0YzAiOnsiY3JlYXRlIjoxMjAwMDAwMDAwMDAwLCJkZWxldGUiOjEyMDAwMDAwMDAwMDAsInVwZGF0ZSI6MTIwMDAwMDAwMDAwMH19"
        }
      ]
    },
    {
      "mode": "managed",
      "type": "google_dns_record_set",
      "name": "a",
      "provider": "provider[\"registry.terraform.io/hashicorp/google\"]",
      "instances": [
        {
          "schema_version": 0,
          "attributes": {
            "id": "projects/test-eq-393918/managedZones/dns/rrsets/eq.test.dns.com./A",
            "managed_zone": "dns",
            "name": "eq.test.dns.com.",
            "project": "test-eq-393918",
            "routing_policy": [],
            "rrdatas": [
              "10.0.8.20"
            ],
            "ttl": 300,
            "type": "A"
          },
          "sensitive_attributes": [],
          "private": "bnVsbA==",
          "dependencies": [
            "google_dns_managed_zone.test-dns"
          ]
        }
      ]
    },
    {
      "mode": "managed",
      "type": "google_sql_database",
      "name": "database-test",
      "provider": "provider[\"registry.terraform.io/hashicorp/google\"]",
      "instances": [
        {
          "schema_version": 0,
          "attributes": {
            "charset": "UTF8",
            "collation": "en_US.UTF8",
            "deletion_policy": "DELETE",
            "id": "projects/test-eq-393918/instances/postgresql-test/databases/test",
            "instance": "postgresql-test",
            "name": "test",
            "project": "test-eq-393918",
            "self_link": "https://sqladmin.googleapis.com/sql/v1beta4/projects/test-eq-393918/instances/postgresql-test/databases/test",
            "timeouts": null
          },
          "sensitive_attributes": [],
          "private": "eyJlMmJmYjczMC1lY2FhLTExZTYtOGY4OC0zNDM2M2JjN2M0YzAiOnsiY3JlYXRlIjoxMjAwMDAwMDAwMDAwLCJkZWxldGUiOjEyMDAwMDAwMDAwMDAsInVwZGF0ZSI6MTIwMDAwMDAwMDAwMH19",
          "dependencies": [
            "google_sql_database_instance.postgresql-test"
          ]
        }
      ]
    },
    {
      "mode": "managed",
      "type": "google_sql_database_instance",
      "name": "postgresql-test",
      "provider": "provider[\"registry.terraform.io/hashicorp/google\"]",
      "instances": [
        {
          "schema_version": 0,
          "attributes": {
            "available_maintenance_versions": [],
            "clone": [],
            "connection_name": "test-eq-393918:us-central1:postgresql-test",
            "database_version": "POSTGRES_15",
            "deletion_protection": false,
            "encryption_key_name": null,
            "first_ip_address": "35.192.93.94",
            "id": "postgresql-test",
            "instance_type": "CLOUD_SQL_INSTANCE",
            "ip_address": [
              {
                "ip_address": "35.192.93.94",
                "time_to_retire": "",
                "type": "PRIMARY"
              },
              {
                "ip_address": "34.27.236.86",
                "time_to_retire": "",
                "type": "OUTGOING"
              }
            ],
            "maintenance_version": "POSTGRES_15_2.R20230530.01_04",
            "master_instance_name": "",
            "name": "postgresql-test",
            "private_ip_address": "",
            "project": "test-eq-393918",
            "public_ip_address": "35.192.93.94",
            "region": "us-central1",
            "replica_configuration": [],
            "restore_backup_context": [],
            "root_password": null,
            "self_link": "https://sqladmin.googleapis.com/sql/v1beta4/projects/test-eq-393918/instances/postgresql-test",
            "server_ca_cert": [
              {
                "cert": "-----BEGIN CERTIFICATE-----\nMIIDfzCCAmegAwIBAgIBADANBgkqhkiG9w0BAQsFADB3MS0wKwYDVQQuEyQ5NTQ0\nYjFiNS03MjQyLTRhYmEtYmM1OC0wYjgxYjBjNGJhYjMxIzAhBgNVBAMTGkdvb2ds\nZSBDbG91ZCBTUUwgU2VydmVyIENBMRQwEgYDVQQKEwtHb29nbGUsIEluYzELMAkG\nA1UEBhMCVVMwHhcNMjMwNzI2MDEzMjAxWhcNMzMwNzIzMDEzMzAxWjB3MS0wKwYD\nVQQuEyQ5NTQ0YjFiNS03MjQyLTRhYmEtYmM1OC0wYjgxYjBjNGJhYjMxIzAhBgNV\nBAMTGkdvb2dsZSBDbG91ZCBTUUwgU2VydmVyIENBMRQwEgYDVQQKEwtHb29nbGUs\nIEluYzELMAkGA1UEBhMCVVMwggEiMA0GCSqGSIb3DQEBAQUAA4IBDwAwggEKAoIB\nAQCbze4xac3n+fb8y4370tJJAvDuFww/1av5rsvUGx/9Ri2OjkJDCgKOOmW+/auI\n679s8LAVYo/VnLz8r4RtC8w3uUZBb2ipSQFUqWVxDYJwFD/tlWixqqymbcxCIlWm\nKwdi+szfUvf/DrBeuDs7AuK+8s3l61ekxxcVkn521JBGiDxW3TqgWL7Gjnvxrmpz\nbm6MC11JISanS+/TrTQb1oCyxwBm8CeK8HoRZNcENd+5gxQnz6penKrH50rZcTD6\nNz5lSB9FSjoNGQVWj+I3xH6RyQtam8Ho2entrJQ8jct8f3Dc8Vb9lql0TuEGmh+1\n1YaGLP9gwVX3kFWpDKWOwllbAgMBAAGjFjAUMBIGA1UdEwEB/wQIMAYBAf8CAQAw\nDQYJKoZIhvcNAQELBQADggEBAIlT1kxO3SF7ciR3G35H1mqBiGYyE+P7BhSfmaCn\nN4LJPvbHO3E1voczEuj0XmAo7YV4i1IhZXW5utHh9KTTaUR6o/+cDoPYVaEQz1kd\ns+H/xHrPVFn1OXoqH9IQgF4YL1WYoJe5umSoaZtK+WejM28DeJf0do9KEmiVPp6s\nm7j2mHHutqu3hrLVDO3+doFplMWX4hgsu24fWnH5FGafiX4ipfvv+hsOc14vP7HU\nq5ILlkJ5RuanGeeh2ot8u+rK3qzBDL4ACoDOOvfyeOcf0OQ1//iE8skybPR5zohJ\n98566e4B/lXQV2WRWQ862vAjo5QHMQqjMDH63tPj2lBfps8=\n-----END CERTIFICATE-----",
                "common_name": "C=US,O=Google\\, Inc,CN=Google Cloud SQL Server CA,dnQualifier=9544b1b5-7242-4aba-bc58-0b81b0c4bab3",
                "create_time": "2023-07-26T01:32:01.995Z",
                "expiration_time": "2033-07-23T01:33:01.995Z",
                "sha1_fingerprint": "327a16db65abb33d9b6c0fc32cb330520e211991"
              }
            ],
            "service_account_email_address": "p204318118528-h0h750@gcp-sa-cloud-sql.iam.gserviceaccount.com",
            "settings": [
              {
                "activation_policy": "ALWAYS",
                "active_directory_config": [],
                "advanced_machine_features": [],
                "availability_type": "ZONAL",
                "backup_configuration": [
                  {
                    "backup_retention_settings": [
                      {
                        "retained_backups": 7,
                        "retention_unit": "COUNT"
                      }
                    ],
                    "binary_log_enabled": false,
                    "enabled": false,
                    "location": "",
                    "point_in_time_recovery_enabled": false,
                    "start_time": "19:00",
                    "transaction_log_retention_days": 7
                  }
                ],
                "collation": "",
                "connector_enforcement": "NOT_REQUIRED",
                "data_cache_config": [],
                "database_flags": [],
                "deletion_protection_enabled": false,
                "deny_maintenance_period": [],
                "disk_autoresize": true,
                "disk_autoresize_limit": 0,
                "disk_size": 10,
                "disk_type": "PD_SSD",
                "edition": "",
                "insights_config": [],
                "ip_configuration": [
                  {
                    "allocated_ip_range": "",
                    "authorized_networks": [],
                    "enable_private_path_for_google_cloud_services": false,
                    "ipv4_enabled": true,
                    "private_network": "",
                    "require_ssl": false
                  }
                ],
                "location_preference": [
                  {
                    "follow_gae_application": "",
                    "secondary_zone": "",
                    "zone": "us-central1-c"
                  }
                ],
                "maintenance_window": [],
                "password_validation_policy": [],
                "pricing_plan": "PER_USE",
                "sql_server_audit_config": [],
                "tier": "db-f1-micro",
                "time_zone": "",
                "user_labels": {},
                "version": 8
              }
            ],
            "timeouts": null
          },
          "sensitive_attributes": [],
          "private": "eyJlMmJmYjczMC1lY2FhLTExZTYtOGY4OC0zNDM2M2JjN2M0YzAiOnsiY3JlYXRlIjoyNDAwMDAwMDAwMDAwLCJkZWxldGUiOjE4MDAwMDAwMDAwMDAsInVwZGF0ZSI6MTgwMDAwMDAwMDAwMH19"
        }
      ]
    },
    {
      "mode": "managed",
      "type": "google_sql_user",
      "name": "user",
      "provider": "provider[\"registry.terraform.io/hashicorp/google\"]",
      "instances": [
        {
          "schema_version": 1,
          "attributes": {
            "deletion_policy": null,
            "host": "",
            "id": "test//postgresql-test",
            "instance": "postgresql-test",
            "name": "test",
            "password": "test1234",
            "password_policy": [],
            "project": "test-eq-393918",
            "sql_server_user_details": [],
            "timeouts": null,
            "type": ""
          },
          "sensitive_attributes": [],
          "private": "eyJlMmJmYjczMC1lY2FhLTExZTYtOGY4OC0zNDM2M2JjN2M0YzAiOnsiY3JlYXRlIjo2MDAwMDAwMDAwMDAsImRlbGV0ZSI6NjAwMDAwMDAwMDAwLCJ1cGRhdGUiOjYwMDAwMDAwMDAwMH0sInNjaGVtYV92ZXJzaW9uIjoiMSJ9",
          "dependencies": [
            "google_sql_database_instance.postgresql-test"
          ]
        }
      ]
    }
  ],
  "check_results": null
}
